
Microsoft Visual Studio Solution File, Format Version 12.00
# Visual Studio Version 17
VisualStudioVersion = 17.6.33829.357
MinimumVisualStudioVersion = 10.0.40219.1
Project("{FAE04EC0-301F-11D3-BF4B-00C04F79EFBC}") = "Battleships", "Battleships.csproj", "{4AC7E7F0-14E5-4325-AC3C-98C7CCC675A0}"
EndProject
Project("{FAE04EC0-301F-11D3-BF4B-00C04F79EFBC}") = "BattleshipsTests", "..\BattleshipsTests\BattleshipsTests.csproj", "{D1B0AB14-3E5A-45C8-8C19-CDE9A30B3DB6}"
EndProject
Global
	GlobalSection(SolutionConfigurationPlatforms) = preSolution
		Debug|Any CPU = Debug|Any CPU
		Release|Any CPU = Release|Any CPU
	EndGlobalSection
	GlobalSection(ProjectConfigurationPlatforms) = postSolution
		{4AC7E7F0-14E5-4325-AC3C-98C7CCC675A0}.Debug|Any CPU.ActiveCfg = Debug|Any CPU
		{4AC7E7F0-14E5-4325-AC3C-98C7CCC675A0}.Debug|Any CPU.Build.0 = Debug|Any CPU
		{4AC7E7F0-14E5-4325-AC3C-98C7CCC675A0}.Release|Any CPU.ActiveCfg = Release|Any CPU
		{4AC7E7F0-14E5-4325-AC3C-98C7CCC675A0}.Release|Any CPU.Build.0 = Release|Any CPU
		{D1B0AB14-3E5A-45C8-8C19-CDE9A30B3DB6}.Debug|Any CPU.ActiveCfg = Debug|Any CPU
		{D1B0AB14-3E5A-45C8-8C19-CDE9A30B3DB6}.Debug|Any CPU.Build.0 = Debug|Any CPU
		{D1B0AB14-3E5A-45C8-8C19-CDE9A30B3DB6}.Release|Any CPU.ActiveCfg = Release|Any CPU
		{D1B0AB14-3E5A-45C8-8C19-CDE9A30B3DB6}.Release|Any CPU.Build.0 = Release|Any CPU
	EndGlobalSection
	GlobalSection(SolutionProperties) = preSolution
		HideSolutionNode = FALSE
	EndGlobalSection
	GlobalSection(ExtensibilityGlobals) = postSolution
		SolutionGuid = {DF933A7F-7E71-41D4-BA5C-853ED7463C80}
	EndGlobalSection
EndGlobal
